// !$*UTF8*$!
{
	archiveVersion = 1;
	classes = {
	};
	objectVersion = 51;
	objects = {

/* Begin PBXBuildFile section */
		0E10413F254EA94F00233EF5 /* SignInWithAppleCoordinator.swift in Sources */ = {isa = PBXBuildFile; fileRef = 0E10413E254EA94F00233EF5 /* SignInWithAppleCoordinator.swift */; };
		0E62D578254E95750004F58C /* SignInWithAppleButton.swift in Sources */ = {isa = PBXBuildFile; fileRef = 0E62D577254E95750004F58C /* SignInWithAppleButton.swift */; };
		0E62D57B254E9A2B0004F58C /* SingInView.swift in Sources */ = {isa = PBXBuildFile; fileRef = 0E62D57A254E9A2B0004F58C /* SingInView.swift */; };
		0ED49699254C556E00F0A84F /* TaskRepository.swift in Sources */ = {isa = PBXBuildFile; fileRef = 0ED49698254C556E00F0A84F /* TaskRepository.swift */; };
		0EDB106B254BC61E00DE96F1 /* AppDelegate.swift in Sources */ = {isa = PBXBuildFile; fileRef = 0EDB106A254BC61E00DE96F1 /* AppDelegate.swift */; };
		0EDB106D254BC61E00DE96F1 /* SceneDelegate.swift in Sources */ = {isa = PBXBuildFile; fileRef = 0EDB106C254BC61E00DE96F1 /* SceneDelegate.swift */; };
		0EDB106F254BC61E00DE96F1 /* TaskListView.swift in Sources */ = {isa = PBXBuildFile; fileRef = 0EDB106E254BC61E00DE96F1 /* TaskListView.swift */; };
		0EDB1071254BC62100DE96F1 /* Assets.xcassets in Resources */ = {isa = PBXBuildFile; fileRef = 0EDB1070254BC62100DE96F1 /* Assets.xcassets */; };
		0EDB1074254BC62100DE96F1 /* Preview Assets.xcassets in Resources */ = {isa = PBXBuildFile; fileRef = 0EDB1073254BC62100DE96F1 /* Preview Assets.xcassets */; };
		0EDB1077254BC62100DE96F1 /* LaunchScreen.storyboard in Resources */ = {isa = PBXBuildFile; fileRef = 0EDB1075254BC62100DE96F1 /* LaunchScreen.storyboard */; };
		0EDB1082254BD74800DE96F1 /* Task.swift in Sources */ = {isa = PBXBuildFile; fileRef = 0EDB1081254BD74800DE96F1 /* Task.swift */; };
		0EDB108D254BE48C00DE96F1 /* TaskCellViewModel.swift in Sources */ = {isa = PBXBuildFile; fileRef = 0EDB108C254BE48C00DE96F1 /* TaskCellViewModel.swift */; };
		0EDB1090254BE90D00DE96F1 /* TaskListViewModel.swift in Sources */ = {isa = PBXBuildFile; fileRef = 0EDB108F254BE90D00DE96F1 /* TaskListViewModel.swift */; };
		0EDB1094254C041600DE96F1 /* GoogleService-Info.plist in Resources */ = {isa = PBXBuildFile; fileRef = 0EDB1093254C041500DE96F1 /* GoogleService-Info.plist */; };
		28318E74A19232D41CEC2F74 /* Pods_MakeItSo.framework in Frameworks */ = {isa = PBXBuildFile; fileRef = F12E9A7660B0AE84F2AC8FAF /* Pods_MakeItSo.framework */; };
/* End PBXBuildFile section */

/* Begin PBXFileReference section */
		0E10413E254EA94F00233EF5 /* SignInWithAppleCoordinator.swift */ = {isa = PBXFileReference; lastKnownFileType = sourcecode.swift; path = SignInWithAppleCoordinator.swift; sourceTree = "<group>"; };
		0E104141254EACD100233EF5 /* MakeItSo.entitlements */ = {isa = PBXFileReference; lastKnownFileType = text.plist.entitlements; path = MakeItSo.entitlements; sourceTree = "<group>"; };
		0E62D577254E95750004F58C /* SignInWithAppleButton.swift */ = {isa = PBXFileReference; lastKnownFileType = sourcecode.swift; path = SignInWithAppleButton.swift; sourceTree = "<group>"; };
		0E62D57A254E9A2B0004F58C /* SingInView.swift */ = {isa = PBXFileReference; lastKnownFileType = sourcecode.swift; path = SingInView.swift; sourceTree = "<group>"; };
		0ED49698254C556E00F0A84F /* TaskRepository.swift */ = {isa = PBXFileReference; lastKnownFileType = sourcecode.swift; path = TaskRepository.swift; sourceTree = "<group>"; };
		0EDB1067254BC61E00DE96F1 /* MakeItSo.app */ = {isa = PBXFileReference; explicitFileType = wrapper.application; includeInIndex = 0; path = MakeItSo.app; sourceTree = BUILT_PRODUCTS_DIR; };
		0EDB106A254BC61E00DE96F1 /* AppDelegate.swift */ = {isa = PBXFileReference; lastKnownFileType = sourcecode.swift; path = AppDelegate.swift; sourceTree = "<group>"; };
		0EDB106C254BC61E00DE96F1 /* SceneDelegate.swift */ = {isa = PBXFileReference; lastKnownFileType = sourcecode.swift; path = SceneDelegate.swift; sourceTree = "<group>"; };
		0EDB106E254BC61E00DE96F1 /* TaskListView.swift */ = {isa = PBXFileReference; lastKnownFileType = sourcecode.swift; path = TaskListView.swift; sourceTree = "<group>"; };
		0EDB1070254BC62100DE96F1 /* Assets.xcassets */ = {isa = PBXFileReference; lastKnownFileType = folder.assetcatalog; path = Assets.xcassets; sourceTree = "<group>"; };
		0EDB1073254BC62100DE96F1 /* Preview Assets.xcassets */ = {isa = PBXFileReference; lastKnownFileType = folder.assetcatalog; path = "Preview Assets.xcassets"; sourceTree = "<group>"; };
		0EDB1076254BC62100DE96F1 /* Base */ = {isa = PBXFileReference; lastKnownFileType = file.storyboard; name = Base; path = Base.lproj/LaunchScreen.storyboard; sourceTree = "<group>"; };
		0EDB1078254BC62100DE96F1 /* Info.plist */ = {isa = PBXFileReference; lastKnownFileType = text.plist.xml; path = Info.plist; sourceTree = "<group>"; };
		0EDB1081254BD74800DE96F1 /* Task.swift */ = {isa = PBXFileReference; lastKnownFileType = sourcecode.swift; path = Task.swift; sourceTree = "<group>"; };
		0EDB108C254BE48C00DE96F1 /* TaskCellViewModel.swift */ = {isa = PBXFileReference; lastKnownFileType = sourcecode.swift; path = TaskCellViewModel.swift; sourceTree = "<group>"; };
		0EDB108F254BE90D00DE96F1 /* TaskListViewModel.swift */ = {isa = PBXFileReference; lastKnownFileType = sourcecode.swift; path = TaskListViewModel.swift; sourceTree = "<group>"; };
		0EDB1093254C041500DE96F1 /* GoogleService-Info.plist */ = {isa = PBXFileReference; fileEncoding = 4; lastKnownFileType = text.plist.xml; path = "GoogleService-Info.plist"; sourceTree = "<group>"; };
		5E6E63D04E53084AFE1633ED /* Pods-MakeItSo.release.xcconfig */ = {isa = PBXFileReference; includeInIndex = 1; lastKnownFileType = text.xcconfig; name = "Pods-MakeItSo.release.xcconfig"; path = "Target Support Files/Pods-MakeItSo/Pods-MakeItSo.release.xcconfig"; sourceTree = "<group>"; };
		78AF312B1562B3912312982B /* Pods-MakeItSo.debug.xcconfig */ = {isa = PBXFileReference; includeInIndex = 1; lastKnownFileType = text.xcconfig; name = "Pods-MakeItSo.debug.xcconfig"; path = "Target Support Files/Pods-MakeItSo/Pods-MakeItSo.debug.xcconfig"; sourceTree = "<group>"; };
		F12E9A7660B0AE84F2AC8FAF /* Pods_MakeItSo.framework */ = {isa = PBXFileReference; explicitFileType = wrapper.framework; includeInIndex = 0; path = Pods_MakeItSo.framework; sourceTree = BUILT_PRODUCTS_DIR; };
/* End PBXFileReference section */

/* Begin PBXFrameworksBuildPhase section */
		0EDB1064254BC61E00DE96F1 /* Frameworks */ = {
			isa = PBXFrameworksBuildPhase;
			buildActionMask = 2147483647;
			files = (
				28318E74A19232D41CEC2F74 /* Pods_MakeItSo.framework in Frameworks */,
			);
			runOnlyForDeploymentPostprocessing = 0;
		};
/* End PBXFrameworksBuildPhase section */

/* Begin PBXGroup section */
		0E10413D254EA88800233EF5 /* Services */ = {
			isa = PBXGroup;
			children = (
				0E10413E254EA94F00233EF5 /* SignInWithAppleCoordinator.swift */,
			);
			path = Services;
			sourceTree = "<group>";
		};
		0ED49697254C553100F0A84F /* Repositories */ = {
			isa = PBXGroup;
			children = (
				0ED49698254C556E00F0A84F /* TaskRepository.swift */,
			);
			path = Repositories;
			sourceTree = "<group>";
		};
		0EDB105E254BC61E00DE96F1 = {
			isa = PBXGroup;
			children = (
				0EDB1069254BC61E00DE96F1 /* MakeItSo */,
				0EDB1068254BC61E00DE96F1 /* Products */,
				710AAE429CD5DB5DB0795246 /* Pods */,
				DAAD6A588A7DF88E1F4DA72E /* Frameworks */,
			);
			sourceTree = "<group>";
		};
		0EDB1068254BC61E00DE96F1 /* Products */ = {
			isa = PBXGroup;
			children = (
				0EDB1067254BC61E00DE96F1 /* MakeItSo.app */,
			);
			name = Products;
			sourceTree = "<group>";
		};
		0EDB1069254BC61E00DE96F1 /* MakeItSo */ = {
			isa = PBXGroup;
			children = (
				0E104141254EACD100233EF5 /* MakeItSo.entitlements */,
				0EDB1085254BD7D700DE96F1 /* App */,
				0E10413D254EA88800233EF5 /* Services */,
				0ED49697254C553100F0A84F /* Repositories */,
				0EDB107F254BC74000DE96F1 /* Model */,
				0EDB108A254BE46B00DE96F1 /* ViewModels */,
				0EDB1087254BD7E100DE96F1 /* Views */,
				0EDB1070254BC62100DE96F1 /* Assets.xcassets */,
				0EDB1075254BC62100DE96F1 /* LaunchScreen.storyboard */,
				0EDB1078254BC62100DE96F1 /* Info.plist */,
				0EDB1093254C041500DE96F1 /* GoogleService-Info.plist */,
				0EDB1072254BC62100DE96F1 /* Preview Content */,
			);
			path = MakeItSo;
			sourceTree = "<group>";
		};
		0EDB1072254BC62100DE96F1 /* Preview Content */ = {
			isa = PBXGroup;
			children = (
				0EDB1073254BC62100DE96F1 /* Preview Assets.xcassets */,
			);
			path = "Preview Content";
			sourceTree = "<group>";
		};
		0EDB107F254BC74000DE96F1 /* Model */ = {
			isa = PBXGroup;
			children = (
				0EDB1081254BD74800DE96F1 /* Task.swift */,
			);
			path = Model;
			sourceTree = "<group>";
		};
		0EDB1085254BD7D700DE96F1 /* App */ = {
			isa = PBXGroup;
			children = (
				0EDB106A254BC61E00DE96F1 /* AppDelegate.swift */,
				0EDB106C254BC61E00DE96F1 /* SceneDelegate.swift */,
			);
			path = App;
			sourceTree = "<group>";
		};
		0EDB1087254BD7E100DE96F1 /* Views */ = {
			isa = PBXGroup;
			children = (
				0EDB106E254BC61E00DE96F1 /* TaskListView.swift */,
				0E62D577254E95750004F58C /* SignInWithAppleButton.swift */,
				0E62D57A254E9A2B0004F58C /* SingInView.swift */,
			);
			path = Views;
			sourceTree = "<group>";
		};
		0EDB108A254BE46B00DE96F1 /* ViewModels */ = {
			isa = PBXGroup;
			children = (
				0EDB108C254BE48C00DE96F1 /* TaskCellViewModel.swift */,
				0EDB108F254BE90D00DE96F1 /* TaskListViewModel.swift */,
			);
			path = ViewModels;
			sourceTree = "<group>";
		};
		710AAE429CD5DB5DB0795246 /* Pods */ = {
			isa = PBXGroup;
			children = (
				78AF312B1562B3912312982B /* Pods-MakeItSo.debug.xcconfig */,
				5E6E63D04E53084AFE1633ED /* Pods-MakeItSo.release.xcconfig */,
			);
			path = Pods;
			sourceTree = "<group>";
		};
		DAAD6A588A7DF88E1F4DA72E /* Frameworks */ = {
			isa = PBXGroup;
			children = (
				F12E9A7660B0AE84F2AC8FAF /* Pods_MakeItSo.framework */,
			);
			name = Frameworks;
			sourceTree = "<group>";
		};
/* End PBXGroup section */

/* Begin PBXNativeTarget section */
		0EDB1066254BC61E00DE96F1 /* MakeItSo */ = {
			isa = PBXNativeTarget;
			buildConfigurationList = 0EDB107B254BC62100DE96F1 /* Build configuration list for PBXNativeTarget "MakeItSo" */;
			buildPhases = (
				E53CB8D8786819787D7059A2 /* [CP] Check Pods Manifest.lock */,
				0EDB1063254BC61E00DE96F1 /* Sources */,
				0EDB1064254BC61E00DE96F1 /* Frameworks */,
				0EDB1065254BC61E00DE96F1 /* Resources */,
				67BB0C295A30DBBC82AB7D30 /* [CP] Embed Pods Frameworks */,
			);
			buildRules = (
			);
			dependencies = (
			);
			name = MakeItSo;
			productName = MakeItSo;
			productReference = 0EDB1067254BC61E00DE96F1 /* MakeItSo.app */;
			productType = "com.apple.product-type.application";
		};
/* End PBXNativeTarget section */

/* Begin PBXProject section */
		0EDB105F254BC61E00DE96F1 /* Project object */ = {
			isa = PBXProject;
			attributes = {
				LastSwiftUpdateCheck = 1210;
				LastUpgradeCheck = 1210;
				TargetAttributes = {
					0EDB1066254BC61E00DE96F1 = {
						CreatedOnToolsVersion = 12.1;
					};
				};
			};
			buildConfigurationList = 0EDB1062254BC61E00DE96F1 /* Build configuration list for PBXProject "MakeItSo" */;
			compatibilityVersion = "Xcode 9.3";
			developmentRegion = en;
			hasScannedForEncodings = 0;
			knownRegions = (
				en,
				Base,
			);
			mainGroup = 0EDB105E254BC61E00DE96F1;
			productRefGroup = 0EDB1068254BC61E00DE96F1 /* Products */;
			projectDirPath = "";
			projectRoot = "";
			targets = (
				0EDB1066254BC61E00DE96F1 /* MakeItSo */,
			);
		};
/* End PBXProject section */

/* Begin PBXResourcesBuildPhase section */
		0EDB1065254BC61E00DE96F1 /* Resources */ = {
			isa = PBXResourcesBuildPhase;
			buildActionMask = 2147483647;
			files = (
				0EDB1077254BC62100DE96F1 /* LaunchScreen.storyboard in Resources */,
				0EDB1094254C041600DE96F1 /* GoogleService-Info.plist in Resources */,
				0EDB1074254BC62100DE96F1 /* Preview Assets.xcassets in Resources */,
				0EDB1071254BC62100DE96F1 /* Assets.xcassets in Resources */,
			);
			runOnlyForDeploymentPostprocessing = 0;
		};
/* End PBXResourcesBuildPhase section */

/* Begin PBXShellScriptBuildPhase section */
		67BB0C295A30DBBC82AB7D30 /* [CP] Embed Pods Frameworks */ = {
			isa = PBXShellScriptBuildPhase;
			buildActionMask = 2147483647;
			files = (
			);
			inputFileListPaths = (
				"${PODS_ROOT}/Target Support Files/Pods-MakeItSo/Pods-MakeItSo-frameworks-${CONFIGURATION}-input-files.xcfilelist",
			);
			name = "[CP] Embed Pods Frameworks";
			outputFileListPaths = (
				"${PODS_ROOT}/Target Support Files/Pods-MakeItSo/Pods-MakeItSo-frameworks-${CONFIGURATION}-output-files.xcfilelist",
			);
			runOnlyForDeploymentPostprocessing = 0;
			shellPath = /bin/sh;
			shellScript = "\"${PODS_ROOT}/Target Support Files/Pods-MakeItSo/Pods-MakeItSo-frameworks.sh\"\n";
			showEnvVarsInLog = 0;
		};
		E53CB8D8786819787D7059A2 /* [CP] Check Pods Manifest.lock */ = {
			isa = PBXShellScriptBuildPhase;
			buildActionMask = 2147483647;
			files = (
			);
			inputFileListPaths = (
			);
			inputPaths = (
				"${PODS_PODFILE_DIR_PATH}/Podfile.lock",
				"${PODS_ROOT}/Manifest.lock",
			);
			name = "[CP] Check Pods Manifest.lock";
			outputFileListPaths = (
			);
			outputPaths = (
				"$(DERIVED_FILE_DIR)/Pods-MakeItSo-checkManifestLockResult.txt",
			);
			runOnlyForDeploymentPostprocessing = 0;
			shellPath = /bin/sh;
			shellScript = "diff \"${PODS_PODFILE_DIR_PATH}/Podfile.lock\" \"${PODS_ROOT}/Manifest.lock\" > /dev/null\nif [ $? != 0 ] ; then\n    # print error to STDERR\n    echo \"error: The sandbox is not in sync with the Podfile.lock. Run 'pod install' or update your CocoaPods installation.\" >&2\n    exit 1\nfi\n# This output is used by Xcode 'outputs' to avoid re-running this script phase.\necho \"SUCCESS\" > \"${SCRIPT_OUTPUT_FILE_0}\"\n";
			showEnvVarsInLog = 0;
		};
/* End PBXShellScriptBuildPhase section */

/* Begin PBXSourcesBuildPhase section */
		0EDB1063254BC61E00DE96F1 /* Sources */ = {
			isa = PBXSourcesBuildPhase;
			buildActionMask = 2147483647;
			files = (
				0E10413F254EA94F00233EF5 /* SignInWithAppleCoordinator.swift in Sources */,
				0E62D578254E95750004F58C /* SignInWithAppleButton.swift in Sources */,
				0EDB1082254BD74800DE96F1 /* Task.swift in Sources */,
				0EDB106B254BC61E00DE96F1 /* AppDelegate.swift in Sources */,
				0EDB106D254BC61E00DE96F1 /* SceneDelegate.swift in Sources */,
				0EDB106F254BC61E00DE96F1 /* TaskListView.swift in Sources */,
				0EDB108D254BE48C00DE96F1 /* TaskCellViewModel.swift in Sources */,
				0EDB1090254BE90D00DE96F1 /* TaskListViewModel.swift in Sources */,
				0E62D57B254E9A2B0004F58C /* SingInView.swift in Sources */,
				0ED49699254C556E00F0A84F /* TaskRepository.swift in Sources */,
			);
			runOnlyForDeploymentPostprocessing = 0;
		};
/* End PBXSourcesBuildPhase section */

/* Begin PBXVariantGroup section */
		0EDB1075254BC62100DE96F1 /* LaunchScreen.storyboard */ = {
			isa = PBXVariantGroup;
			children = (
				0EDB1076254BC62100DE96F1 /* Base */,
			);
			name = LaunchScreen.storyboard;
			sourceTree = "<group>";
		};
/* End PBXVariantGroup section */

/* Begin XCBuildConfiguration section */
		0EDB1079254BC62100DE96F1 /* Debug */ = {
			isa = XCBuildConfiguration;
			buildSettings = {
				ALWAYS_SEARCH_USER_PATHS = NO;
				CLANG_ANALYZER_NONNULL = YES;
				CLANG_ANALYZER_NUMBER_OBJECT_CONVERSION = YES_AGGRESSIVE;
				CLANG_CXX_LANGUAGE_STANDARD = "gnu++14";
				CLANG_CXX_LIBRARY = "libc++";
				CLANG_ENABLE_MODULES = YES;
				CLANG_ENABLE_OBJC_ARC = YES;
				CLANG_ENABLE_OBJC_WEAK = YES;
				CLANG_WARN_BLOCK_CAPTURE_AUTORELEASING = YES;
				CLANG_WARN_BOOL_CONVERSION = YES;
				CLANG_WARN_COMMA = YES;
				CLANG_WARN_CONSTANT_CONVERSION = YES;
				CLANG_WARN_DEPRECATED_OBJC_IMPLEMENTATIONS = YES;
				CLANG_WARN_DIRECT_OBJC_ISA_USAGE = YES_ERROR;
				CLANG_WARN_DOCUMENTATION_COMMENTS = YES;
				CLANG_WARN_EMPTY_BODY = YES;
				CLANG_WARN_ENUM_CONVERSION = YES;
				CLANG_WARN_INFINITE_RECURSION = YES;
				CLANG_WARN_INT_CONVERSION = YES;
				CLANG_WARN_NON_LITERAL_NULL_CONVERSION = YES;
				CLANG_WARN_OBJC_IMPLICIT_RETAIN_SELF = YES;
				CLANG_WARN_OBJC_LITERAL_CONVERSION = YES;
				CLANG_WARN_OBJC_ROOT_CLASS = YES_ERROR;
				CLANG_WARN_QUOTED_INCLUDE_IN_FRAMEWORK_HEADER = YES;
				CLANG_WARN_RANGE_LOOP_ANALYSIS = YES;
				CLANG_WARN_STRICT_PROTOTYPES = YES;
				CLANG_WARN_SUSPICIOUS_MOVE = YES;
				CLANG_WARN_UNGUARDED_AVAILABILITY = YES_AGGRESSIVE;
				CLANG_WARN_UNREACHABLE_CODE = YES;
				CLANG_WARN__DUPLICATE_METHOD_MATCH = YES;
				COPY_PHASE_STRIP = NO;
				DEBUG_INFORMATION_FORMAT = dwarf;
				ENABLE_STRICT_OBJC_MSGSEND = YES;
				ENABLE_TESTABILITY = YES;
				GCC_C_LANGUAGE_STANDARD = gnu11;
				GCC_DYNAMIC_NO_PIC = NO;
				GCC_NO_COMMON_BLOCKS = YES;
				GCC_OPTIMIZATION_LEVEL = 0;
				GCC_PREPROCESSOR_DEFINITIONS = (
					"DEBUG=1",
					"$(inherited)",
				);
				GCC_WARN_64_TO_32_BIT_CONVERSION = YES;
				GCC_WARN_ABOUT_RETURN_TYPE = YES_ERROR;
				GCC_WARN_UNDECLARED_SELECTOR = YES;
				GCC_WARN_UNINITIALIZED_AUTOS = YES_AGGRESSIVE;
				GCC_WARN_UNUSED_FUNCTION = YES;
				GCC_WARN_UNUSED_VARIABLE = YES;
				IPHONEOS_DEPLOYMENT_TARGET = 14.1;
				MTL_ENABLE_DEBUG_INFO = INCLUDE_SOURCE;
				MTL_FAST_MATH = YES;
				ONLY_ACTIVE_ARCH = YES;
				SDKROOT = iphoneos;
				SWIFT_ACTIVE_COMPILATION_CONDITIONS = DEBUG;
				SWIFT_OPTIMIZATION_LEVEL = "-Onone";
			};
			name = Debug;
		};
		0EDB107A254BC62100DE96F1 /* Release */ = {
			isa = XCBuildConfiguration;
			buildSettings = {
				ALWAYS_SEARCH_USER_PATHS = NO;
				CLANG_ANALYZER_NONNULL = YES;
				CLANG_ANALYZER_NUMBER_OBJECT_CONVERSION = YES_AGGRESSIVE;
				CLANG_CXX_LANGUAGE_STANDARD = "gnu++14";
				CLANG_CXX_LIBRARY = "libc++";
				CLANG_ENABLE_MODULES = YES;
				CLANG_ENABLE_OBJC_ARC = YES;
				CLANG_ENABLE_OBJC_WEAK = YES;
				CLANG_WARN_BLOCK_CAPTURE_AUTORELEASING = YES;
				CLANG_WARN_BOOL_CONVERSION = YES;
				CLANG_WARN_COMMA = YES;
				CLANG_WARN_CONSTANT_CONVERSION = YES;
				CLANG_WARN_DEPRECATED_OBJC_IMPLEMENTATIONS = YES;
				CLANG_WARN_DIRECT_OBJC_ISA_USAGE = YES_ERROR;
				CLANG_WARN_DOCUMENTATION_COMMENTS = YES;
				CLANG_WARN_EMPTY_BODY = YES;
				CLANG_WARN_ENUM_CONVERSION = YES;
				CLANG_WARN_INFINITE_RECURSION = YES;
				CLANG_WARN_INT_CONVERSION = YES;
				CLANG_WARN_NON_LITERAL_NULL_CONVERSION = YES;
				CLANG_WARN_OBJC_IMPLICIT_RETAIN_SELF = YES;
				CLANG_WARN_OBJC_LITERAL_CONVERSION = YES;
				CLANG_WARN_OBJC_ROOT_CLASS = YES_ERROR;
				CLANG_WARN_QUOTED_INCLUDE_IN_FRAMEWORK_HEADER = YES;
				CLANG_WARN_RANGE_LOOP_ANALYSIS = YES;
				CLANG_WARN_STRICT_PROTOTYPES = YES;
				CLANG_WARN_SUSPICIOUS_MOVE = YES;
				CLANG_WARN_UNGUARDED_AVAILABILITY = YES_AGGRESSIVE;
				CLANG_WARN_UNREACHABLE_CODE = YES;
				CLANG_WARN__DUPLICATE_METHOD_MATCH = YES;
				COPY_PHASE_STRIP = NO;
				DEBUG_INFORMATION_FORMAT = "dwarf-with-dsym";
				ENABLE_NS_ASSERTIONS = NO;
				ENABLE_STRICT_OBJC_MSGSEND = YES;
				GCC_C_LANGUAGE_STANDARD = gnu11;
				GCC_NO_COMMON_BLOCKS = YES;
				GCC_WARN_64_TO_32_BIT_CONVERSION = YES;
				GCC_WARN_ABOUT_RETURN_TYPE = YES_ERROR;
				GCC_WARN_UNDECLARED_SELECTOR = YES;
				GCC_WARN_UNINITIALIZED_AUTOS = YES_AGGRESSIVE;
				GCC_WARN_UNUSED_FUNCTION = YES;
				GCC_WARN_UNUSED_VARIABLE = YES;
				IPHONEOS_DEPLOYMENT_TARGET = 14.1;
				MTL_ENABLE_DEBUG_INFO = NO;
				MTL_FAST_MATH = YES;
				SDKROOT = iphoneos;
				SWIFT_COMPILATION_MODE = wholemodule;
				SWIFT_OPTIMIZATION_LEVEL = "-O";
				VALIDATE_PRODUCT = YES;
			};
			name = Release;
		};
		0EDB107C254BC62100DE96F1 /* Debug */ = {
			isa = XCBuildConfiguration;
			baseConfigurationReference = 78AF312B1562B3912312982B /* Pods-MakeItSo.debug.xcconfig */;
			buildSettings = {
				ASSETCATALOG_COMPILER_APPICON_NAME = AppIcon;
				ASSETCATALOG_COMPILER_GLOBAL_ACCENT_COLOR_NAME = AccentColor;
				CODE_SIGN_ENTITLEMENTS = MakeItSo/MakeItSo.entitlements;
				CODE_SIGN_STYLE = Automatic;
				DEVELOPMENT_ASSET_PATHS = "\"MakeItSo/Preview Content\"";
				DEVELOPMENT_TEAM = AL869FRMV6;
				ENABLE_PREVIEWS = YES;
				INFOPLIST_FILE = MakeItSo/Info.plist;
				LD_RUNPATH_SEARCH_PATHS = (
					"$(inherited)",
					"@executable_path/Frameworks",
				);
				PRODUCT_BUNDLE_IDENTIFIER = com.wingch.MakeItSo;
				PRODUCT_NAME = "$(TARGET_NAME)";
				SWIFT_VERSION = 5.0;
				TARGETED_DEVICE_FAMILY = "1,2";
			};
			name = Debug;
		};
		0EDB107D254BC62100DE96F1 /* Release */ = {
			isa = XCBuildConfiguration;
			baseConfigurationReference = 5E6E63D04E53084AFE1633ED /* Pods-MakeItSo.release.xcconfig */;
			buildSettings = {
				ASSETCATALOG_COMPILER_APPICON_NAME = AppIcon;
				ASSETCATALOG_COMPILER_GLOBAL_ACCENT_COLOR_NAME = AccentColor;
				CODE_SIGN_ENTITLEMENTS = MakeItSo/MakeItSo.entitlements;
				CODE_SIGN_STYLE = Automatic;
				DEVELOPMENT_ASSET_PATHS = "\"MakeItSo/Preview Content\"";
				DEVELOPMENT_TEAM = AL869FRMV6;
				ENABLE_PREVIEWS = YES;
				INFOPLIST_FILE = MakeItSo/Info.plist;
				LD_RUNPATH_SEARCH_PATHS = (
					"$(inherited)",
					"@executable_path/Frameworks",
				);
				PRODUCT_BUNDLE_IDENTIFIER = com.wingch.MakeItSo;
				PRODUCT_NAME = "$(TARGET_NAME)";
				SWIFT_VERSION = 5.0;
				TARGETED_DEVICE_FAMILY = "1,2";
			};
			name = Release;
		};
/* End XCBuildConfiguration section */

/* Begin XCConfigurationList section */
		0EDB1062254BC61E00DE96F1 /* Build configuration list for PBXProject "MakeItSo" */ = {
			isa = XCConfigurationList;
			buildConfigurations = (
				0EDB1079254BC62100DE96F1 /* Debug */,
				0EDB107A254BC62100DE96F1 /* Release */,
			);
			defaultConfigurationIsVisible = 0;
			defaultConfigurationName = Release;
		};
		0EDB107B254BC62100DE96F1 /* Build configuration list for PBXNativeTarget "MakeItSo" */ = {
			isa = XCConfigurationList;
			buildConfigurations = (
				0EDB107C254BC62100DE96F1 /* Debug */,
				0EDB107D254BC62100DE96F1 /* Release */,
			);
			defaultConfigurationIsVisible = 0;
			defaultConfigurationName = Release;
		};
/* End XCConfigurationList section */
	};
	rootObject = 0EDB105F254BC61E00DE96F1 /* Project object */;
}
